PODS:
  - RxSwift (3.1.0)
  - RxTimer (1.2):
    - RxSwift (~> 3.1.0)

DEPENDENCIES:
  - RxTimer (from `../`)

EXTERNAL SOURCES:
  RxTimer:
    :path: "../"

SPEC CHECKSUMS:
  RxSwift: 83ff553e7593fdfdcb2562933a64c0284dffdadc
  RxTimer: d17d58fc2246fb31fd3d6a9d487fa71467688b09

PODFILE CHECKSUM: 5f80bc3443e7bd46dc1bca3968f2d43d3d019139

COCOAPODS: 1.2.0.rc.1
